
Microsoft Visual Studio Solution File, Format Version 12.00
# Visual Studio 15
Project("{FAE04EC0-301F-11D3-BF4B-00C04F79EFBC}") = "Assembly-CSharp", "Assembly-CSharp.csproj", "{A76F5815-3D88-7AB5-1E9D-93A7759B7D9F}"
EndProject
Global
	GlobalSection(SolutionConfigurationPlatforms) = preSolution
		Debug|Any CPU = Debug|Any CPU
		Release|Any CPU = Release|Any CPU
	EndGlobalSection
	GlobalSection(ProjectConfigurationPlatforms) = postSolution
		{A76F5815-3D88-7AB5-1E9D-93A7759B7D9F}.Debug|Any CPU.ActiveCfg = Debug|Any CPU
		{A76F5815-3D88-7AB5-1E9D-93A7759B7D9F}.Debug|Any CPU.Build.0 = Debug|Any CPU
		{A76F5815-3D88-7AB5-1E9D-93A7759B7D9F}.Release|Any CPU.ActiveCfg = Release|Any CPU
		{A76F5815-3D88-7AB5-1E9D-93A7759B7D9F}.Release|Any CPU.Build.0 = Release|Any CPU
	EndGlobalSection
	GlobalSection(SolutionProperties) = preSolution
		HideSolutionNode = FALSE
	EndGlobalSection
EndGlobal
